{
  "name": "com.realdealagency.testnotify",
  "version": "1.0.0",
  "lockfileVersion": 1,
  "requires": true,
  "dependencies": {
    "cordova-plugin-whitelist": {
      "version": "1.3.4",
      "resolved": "https://registry.npmjs.org/cordova-plugin-whitelist/-/cordova-plugin-whitelist-1.3.4.tgz",
      "integrity": "sha512-EYC5eQFVkoYXq39l7tYKE6lEjHJ04mvTmKXxGL7quHLdFPfJMNzru/UYpn92AOfpl3PQaZmou78C7EgmFOwFQQ==",
      "dev": true
    },
    "onesignal-cordova-plugin": {
      "version": "2.11.3",
      "resolved": "https://registry.npmjs.org/onesignal-cordova-plugin/-/onesignal-cordova-plugin-2.11.3.tgz",
      "integrity": "sha512-vWPmXR4qML06Fg785bg6SW3mOJImQteZKqEZqKBO5vC0cvtLQXofhTdUAOFAQRlBAUavZbEIXF7ZGFeQCA1ukA=="
    }
  }
}
